
Microsoft Visual Studio Solution File, Format Version 12.00
# Visual Studio Version 17
VisualStudioVersion = 17.10.35013.160
MinimumVisualStudioVersion = 10.0.40219.1
Project("{FAE04EC0-301F-11D3-BF4B-00C04F79EFBC}") = "DSaA_6 (MachineProblem1)", "DSaA_6 (MachineProblem1)\DSaA_6 (MachineProblem1).csproj", "{154FBDFA-01B0-4AF0-93BA-FF9D9554D64C}"
EndProject
Global
	GlobalSection(SolutionConfigurationPlatforms) = preSolution
		Debug|Any CPU = Debug|Any CPU
		Release|Any CPU = Release|Any CPU
	EndGlobalSection
	GlobalSection(ProjectConfigurationPlatforms) = postSolution
		{154FBDFA-01B0-4AF0-93BA-FF9D9554D64C}.Debug|Any CPU.ActiveCfg = Debug|Any CPU
		{154FBDFA-01B0-4AF0-93BA-FF9D9554D64C}.Debug|Any CPU.Build.0 = Debug|Any CPU
		{154FBDFA-01B0-4AF0-93BA-FF9D9554D64C}.Release|Any CPU.ActiveCfg = Release|Any CPU
		{154FBDFA-01B0-4AF0-93BA-FF9D9554D64C}.Release|Any CPU.Build.0 = Release|Any CPU
	EndGlobalSection
	GlobalSection(SolutionProperties) = preSolution
		HideSolutionNode = FALSE
	EndGlobalSection
	GlobalSection(ExtensibilityGlobals) = postSolution
		SolutionGuid = {83DEC17F-1252-4EB2-9D55-BD41B5F53D69}
	EndGlobalSection
EndGlobal
